
Microsoft Visual Studio Solution File, Format Version 12.00
Project("{2150E333-8FDC-42A3-9474-1A3956D46DE8}") = "src", "src", "{A509113A-350D-4958-9440-94D1E6194562}"
EndProject
Project("{2150E333-8FDC-42A3-9474-1A3956D46DE8}") = "tests", "tests", "{154764D6-4770-441F-A335-B401E4E613DC}"
EndProject
Project("{2150E333-8FDC-42A3-9474-1A3956D46DE8}") = "sample", "sample", "{13DB7631-C10E-4C1C-B917-4B130F846B36}"
EndProject
Project("{FAE04EC0-301F-11D3-BF4B-00C04F79EFBC}") = "RF.AWSSecretsManager.Configuration", "src\RF.AWSSecretsManager.Configuration\RF.AWSSecretsManager.Configuration.csproj", "{30D9C8BF-0389-4450-9F22-40B53029184E}"
EndProject
Project("{FAE04EC0-301F-11D3-BF4B-00C04F79EFBC}") = "RF.AWSSecretsManager.Configuration.Tests", "tests\RF.AWSSecretsManager.Configuration.Tests\RF.AWSSecretsManager.Configuration.Tests.csproj", "{0756336A-0EF3-480D-ACD4-2641203B116B}"
EndProject
Project("{FAE04EC0-301F-11D3-BF4B-00C04F79EFBC}") = "RF.AWSSecretsManager.Configuration.Sample", "sample\RF.AWSSecretsManager.Configuration.Sample\RF.AWSSecretsManager.Configuration.Sample.csproj", "{82B1884B-C611-4E25-B479-D6D853C43F42}"
EndProject
Global
	GlobalSection(SolutionConfigurationPlatforms) = preSolution
		Debug|Any CPU = Debug|Any CPU
		Debug|x64 = Debug|x64
		Debug|x86 = Debug|x86
		Release|Any CPU = Release|Any CPU
		Release|x64 = Release|x64
		Release|x86 = Release|x86
	EndGlobalSection
	GlobalSection(ProjectConfigurationPlatforms) = postSolution
		{30D9C8BF-0389-4450-9F22-40B53029184E}.Debug|Any CPU.ActiveCfg = Debug|Any CPU
		{30D9C8BF-0389-4450-9F22-40B53029184E}.Debug|Any CPU.Build.0 = Debug|Any CPU
		{30D9C8BF-0389-4450-9F22-40B53029184E}.Debug|x64.ActiveCfg = Debug|Any CPU
		{30D9C8BF-0389-4450-9F22-40B53029184E}.Debug|x64.Build.0 = Debug|Any CPU
		{30D9C8BF-0389-4450-9F22-40B53029184E}.Debug|x86.ActiveCfg = Debug|Any CPU
		{30D9C8BF-0389-4450-9F22-40B53029184E}.Debug|x86.Build.0 = Debug|Any CPU
		{30D9C8BF-0389-4450-9F22-40B53029184E}.Release|Any CPU.ActiveCfg = Release|Any CPU
		{30D9C8BF-0389-4450-9F22-40B53029184E}.Release|Any CPU.Build.0 = Release|Any CPU
		{30D9C8BF-0389-4450-9F22-40B53029184E}.Release|x64.ActiveCfg = Release|Any CPU
		{30D9C8BF-0389-4450-9F22-40B53029184E}.Release|x64.Build.0 = Release|Any CPU
		{30D9C8BF-0389-4450-9F22-40B53029184E}.Release|x86.ActiveCfg = Release|Any CPU
		{30D9C8BF-0389-4450-9F22-40B53029184E}.Release|x86.Build.0 = Release|Any CPU
		{0756336A-0EF3-480D-ACD4-2641203B116B}.Debug|Any CPU.ActiveCfg = Debug|Any CPU
		{0756336A-0EF3-480D-ACD4-2641203B116B}.Debug|Any CPU.Build.0 = Debug|Any CPU
		{0756336A-0EF3-480D-ACD4-2641203B116B}.Debug|x64.ActiveCfg = Debug|Any CPU
		{0756336A-0EF3-480D-ACD4-2641203B116B}.Debug|x64.Build.0 = Debug|Any CPU
		{0756336A-0EF3-480D-ACD4-2641203B116B}.Debug|x86.ActiveCfg = Debug|Any CPU
		{0756336A-0EF3-480D-ACD4-2641203B116B}.Debug|x86.Build.0 = Debug|Any CPU
		{0756336A-0EF3-480D-ACD4-2641203B116B}.Release|Any CPU.ActiveCfg = Release|Any CPU
		{0756336A-0EF3-480D-ACD4-2641203B116B}.Release|Any CPU.Build.0 = Release|Any CPU
		{0756336A-0EF3-480D-ACD4-2641203B116B}.Release|x64.ActiveCfg = Release|Any CPU
		{0756336A-0EF3-480D-ACD4-2641203B116B}.Release|x64.Build.0 = Release|Any CPU
		{0756336A-0EF3-480D-ACD4-2641203B116B}.Release|x86.ActiveCfg = Release|Any CPU
		{0756336A-0EF3-480D-ACD4-2641203B116B}.Release|x86.Build.0 = Release|Any CPU
		{82B1884B-C611-4E25-B479-D6D853C43F42}.Debug|Any CPU.ActiveCfg = Debug|Any CPU
		{82B1884B-C611-4E25-B479-D6D853C43F42}.Debug|Any CPU.Build.0 = Debug|Any CPU
		{82B1884B-C611-4E25-B479-D6D853C43F42}.Debug|x64.ActiveCfg = Debug|Any CPU
		{82B1884B-C611-4E25-B479-D6D853C43F42}.Debug|x64.Build.0 = Debug|Any CPU
		{82B1884B-C611-4E25-B479-D6D853C43F42}.Debug|x86.ActiveCfg = Debug|Any CPU
		{82B1884B-C611-4E25-B479-D6D853C43F42}.Debug|x86.Build.0 = Debug|Any CPU
		{82B1884B-C611-4E25-B479-D6D853C43F42}.Release|Any CPU.ActiveCfg = Release|Any CPU
		{82B1884B-C611-4E25-B479-D6D853C43F42}.Release|Any CPU.Build.0 = Release|Any CPU
		{82B1884B-C611-4E25-B479-D6D853C43F42}.Release|x64.ActiveCfg = Release|Any CPU
		{82B1884B-C611-4E25-B479-D6D853C43F42}.Release|x64.Build.0 = Release|Any CPU
		{82B1884B-C611-4E25-B479-D6D853C43F42}.Release|x86.ActiveCfg = Release|Any CPU
		{82B1884B-C611-4E25-B479-D6D853C43F42}.Release|x86.Build.0 = Release|Any CPU
	EndGlobalSection
	GlobalSection(SolutionProperties) = preSolution
		HideSolutionNode = FALSE
	EndGlobalSection
	GlobalSection(NestedProjects) = preSolution
		{30D9C8BF-0389-4450-9F22-40B53029184E} = {A509113A-350D-4958-9440-94D1E6194562}
		{0756336A-0EF3-480D-ACD4-2641203B116B} = {154764D6-4770-441F-A335-B401E4E613DC}
		{82B1884B-C611-4E25-B479-D6D853C43F42} = {13DB7631-C10E-4C1C-B917-4B130F846B36}
	EndGlobalSection
EndGlobal
